
Microsoft Visual Studio Solution File, Format Version 12.00
# Visual Studio Version 16
VisualStudioVersion = 16.0.30413.136
MinimumVisualStudioVersion = 10.0.40219.1
Project("{FAE04EC0-301F-11D3-BF4B-00C04F79EFBC}") = "DetergentData", "DetergentData\DetergentData.csproj", "{18D759D8-2035-4B3D-B4D6-CE033D45D796}"
EndProject
Global
	GlobalSection(SolutionConfigurationPlatforms) = preSolution
		Debug|Any CPU = Debug|Any CPU
		Release|Any CPU = Release|Any CPU
	EndGlobalSection
	GlobalSection(ProjectConfigurationPlatforms) = postSolution
		{18D759D8-2035-4B3D-B4D6-CE033D45D796}.Debug|Any CPU.ActiveCfg = Debug|Any CPU
		{18D759D8-2035-4B3D-B4D6-CE033D45D796}.Debug|Any CPU.Build.0 = Debug|Any CPU
		{18D759D8-2035-4B3D-B4D6-CE033D45D796}.Release|Any CPU.ActiveCfg = Release|Any CPU
		{18D759D8-2035-4B3D-B4D6-CE033D45D796}.Release|Any CPU.Build.0 = Release|Any CPU
	EndGlobalSection
	GlobalSection(SolutionProperties) = preSolution
		HideSolutionNode = FALSE
	EndGlobalSection
	GlobalSection(ExtensibilityGlobals) = postSolution
		SolutionGuid = {5BACB343-D03B-4222-B4CA-739AFF2A07B0}
	EndGlobalSection
EndGlobal
